
Microsoft Visual Studio Solution File, Format Version 12.00
# Visual Studio Version 17
VisualStudioVersion = 17.3.32819.101
MinimumVisualStudioVersion = 10.0.40219.1
Project("{9A19103F-16F7-4668-BE54-9A1E7A4F7556}") = "CustomTextFieldValidation", "CustomTextFieldValidation\CustomTextFieldValidation.csproj", "{4CBCC5A6-47FB-4316-B379-28CC3ED58198}"
EndProject
Global
	GlobalSection(SolutionConfigurationPlatforms) = preSolution
		Debug|Any CPU = Debug|Any CPU
		Release|Any CPU = Release|Any CPU
	EndGlobalSection
	GlobalSection(ProjectConfigurationPlatforms) = postSolution
		{4CBCC5A6-47FB-4316-B379-28CC3ED58198}.Debug|Any CPU.ActiveCfg = Debug|Any CPU
		{4CBCC5A6-47FB-4316-B379-28CC3ED58198}.Debug|Any CPU.Build.0 = Debug|Any CPU
		{4CBCC5A6-47FB-4316-B379-28CC3ED58198}.Release|Any CPU.ActiveCfg = Release|Any CPU
		{4CBCC5A6-47FB-4316-B379-28CC3ED58198}.Release|Any CPU.Build.0 = Release|Any CPU
	EndGlobalSection
	GlobalSection(SolutionProperties) = preSolution
		HideSolutionNode = FALSE
	EndGlobalSection
	GlobalSection(ExtensibilityGlobals) = postSolution
		SolutionGuid = {D4C5647A-3E49-41A8-9D98-5894B8F21B05}
	EndGlobalSection
EndGlobal
